// !$*UTF8*$!
{
	archiveVersion = 1;
	classes = {
	};
	objectVersion = 50;
	objects = {

/* Begin PBXBuildFile section */
		4FB28C0B212EE21A00C6F9A5 /* AppDelegate.swift in Sources */ = {isa = PBXBuildFile; fileRef = 4FB28C0A212EE21A00C6F9A5 /* AppDelegate.swift */; };
		4FB28C0D212EE21A00C6F9A5 /* ViewController.swift in Sources */ = {isa = PBXBuildFile; fileRef = 4FB28C0C212EE21A00C6F9A5 /* ViewController.swift */; };
		4FB28C10212EE21A00C6F9A5 /* Main.storyboard in Resources */ = {isa = PBXBuildFile; fileRef = 4FB28C0E212EE21A00C6F9A5 /* Main.storyboard */; };
		4FB28C12212EE21C00C6F9A5 /* Assets.xcassets in Resources */ = {isa = PBXBuildFile; fileRef = 4FB28C11212EE21C00C6F9A5 /* Assets.xcassets */; };
		4FB28C15212EE21C00C6F9A5 /* LaunchScreen.storyboard in Resources */ = {isa = PBXBuildFile; fileRef = 4FB28C13212EE21C00C6F9A5 /* LaunchScreen.storyboard */; };
		4FB28C23212EFF4A00C6F9A5 /* ActionViewController.swift in Sources */ = {isa = PBXBuildFile; fileRef = 4FB28C22212EFF4A00C6F9A5 /* ActionViewController.swift */; };
		4FB28C26212EFF4A00C6F9A5 /* MainInterface.storyboard in Resources */ = {isa = PBXBuildFile; fileRef = 4FB28C24212EFF4A00C6F9A5 /* MainInterface.storyboard */; };
		4FB28C2A212EFF4A00C6F9A5 /* Extension.appex in Embed App Extensions */ = {isa = PBXBuildFile; fileRef = 4FB28C20212EFF4A00C6F9A5 /* Extension.appex */; settings = {ATTRIBUTES = (RemoveHeadersOnCopy, ); }; };
		4FB28C30212F05F800C6F9A5 /* Action.js in Resources */ = {isa = PBXBuildFile; fileRef = 4FB28C2F212F05F800C6F9A5 /* Action.js */; };
/* End PBXBuildFile section */

/* Begin PBXContainerItemProxy section */
		4FB28C28212EFF4A00C6F9A5 /* PBXContainerItemProxy */ = {
			isa = PBXContainerItemProxy;
			containerPortal = 4FB28BFF212EE21A00C6F9A5 /* Project object */;
			proxyType = 1;
			remoteGlobalIDString = 4FB28C1F212EFF4A00C6F9A5;
			remoteInfo = Extension;
		};
/* End PBXContainerItemProxy section */

/* Begin PBXCopyFilesBuildPhase section */
		4FB28C2E212EFF4A00C6F9A5 /* Embed App Extensions */ = {
			isa = PBXCopyFilesBuildPhase;
			buildActionMask = 2147483647;
			dstPath = "";
			dstSubfolderSpec = 13;
			files = (
				4FB28C2A212EFF4A00C6F9A5 /* Extension.appex in Embed App Extensions */,
			);
			name = "Embed App Extensions";
			runOnlyForDeploymentPostprocessing = 0;
		};
/* End PBXCopyFilesBuildPhase section */

/* Begin PBXFileReference section */
		4FB28C07212EE21A00C6F9A5 /* Project-16-JavaScript-Injection.app */ = {isa = PBXFileReference; explicitFileType = wrapper.application; includeInIndex = 0; path = "Project-16-JavaScript-Injection.app"; sourceTree = BUILT_PRODUCTS_DIR; };
		4FB28C0A212EE21A00C6F9A5 /* AppDelegate.swift */ = {isa = PBXFileReference; lastKnownFileType = sourcecode.swift; path = AppDelegate.swift; sourceTree = "<group>"; };
		4FB28C0C212EE21A00C6F9A5 /* ViewController.swift */ = {isa = PBXFileReference; lastKnownFileType = sourcecode.swift; path = ViewController.swift; sourceTree = "<group>"; };
		4FB28C0F212EE21A00C6F9A5 /* Base */ = {isa = PBXFileReference; lastKnownFileType = file.storyboard; name = Base; path = Base.lproj/Main.storyboard; sourceTree = "<group>"; };
		4FB28C11212EE21C00C6F9A5 /* Assets.xcassets */ = {isa = PBXFileReference; lastKnownFileType = folder.assetcatalog; path = Assets.xcassets; sourceTree = "<group>"; };
		4FB28C14212EE21C00C6F9A5 /* Base */ = {isa = PBXFileReference; lastKnownFileType = file.storyboard; name = Base; path = Base.lproj/LaunchScreen.storyboard; sourceTree = "<group>"; };
		4FB28C16212EE21C00C6F9A5 /* Info.plist */ = {isa = PBXFileReference; lastKnownFileType = text.plist.xml; path = Info.plist; sourceTree = "<group>"; };
		4FB28C20212EFF4A00C6F9A5 /* Extension.appex */ = {isa = PBXFileReference; explicitFileType = "wrapper.app-extension"; includeInIndex = 0; path = Extension.appex; sourceTree = BUILT_PRODUCTS_DIR; };
		4FB28C22212EFF4A00C6F9A5 /* ActionViewController.swift */ = {isa = PBXFileReference; lastKnownFileType = sourcecode.swift; path = ActionViewController.swift; sourceTree = "<group>"; };
		4FB28C25212EFF4A00C6F9A5 /* Base */ = {isa = PBXFileReference; lastKnownFileType = file.storyboard; name = Base; path = Base.lproj/MainInterface.storyboard; sourceTree = "<group>"; };
		4FB28C27212EFF4A00C6F9A5 /* Info.plist */ = {isa = PBXFileReference; lastKnownFileType = text.plist.xml; path = Info.plist; sourceTree = "<group>"; };
		4FB28C2F212F05F800C6F9A5 /* Action.js */ = {isa = PBXFileReference; lastKnownFileType = sourcecode.javascript; path = Action.js; sourceTree = "<group>"; };
/* End PBXFileReference section */

/* Begin PBXFrameworksBuildPhase section */
		4FB28C04212EE21A00C6F9A5 /* Frameworks */ = {
			isa = PBXFrameworksBuildPhase;
			buildActionMask = 2147483647;
			files = (
			);
			runOnlyForDeploymentPostprocessing = 0;
		};
		4FB28C1D212EFF4A00C6F9A5 /* Frameworks */ = {
			isa = PBXFrameworksBuildPhase;
			buildActionMask = 2147483647;
			files = (
			);
			runOnlyForDeploymentPostprocessing = 0;
		};
/* End PBXFrameworksBuildPhase section */

/* Begin PBXGroup section */
		4FB28BFE212EE21A00C6F9A5 = {
			isa = PBXGroup;
			children = (
				4FB28C09212EE21A00C6F9A5 /* Project-16-JavaScript-Injection */,
				4FB28C21212EFF4A00C6F9A5 /* Extension */,
				4FB28C08212EE21A00C6F9A5 /* Products */,
			);
			sourceTree = "<group>";
		};
		4FB28C08212EE21A00C6F9A5 /* Products */ = {
			isa = PBXGroup;
			children = (
				4FB28C07212EE21A00C6F9A5 /* Project-16-JavaScript-Injection.app */,
				4FB28C20212EFF4A00C6F9A5 /* Extension.appex */,
			);
			name = Products;
			sourceTree = "<group>";
		};
		4FB28C09212EE21A00C6F9A5 /* Project-16-JavaScript-Injection */ = {
			isa = PBXGroup;
			children = (
				4FB28C0A212EE21A00C6F9A5 /* AppDelegate.swift */,
				4FB28C0C212EE21A00C6F9A5 /* ViewController.swift */,
				4FB28C0E212EE21A00C6F9A5 /* Main.storyboard */,
				4FB28C11212EE21C00C6F9A5 /* Assets.xcassets */,
				4FB28C13212EE21C00C6F9A5 /* LaunchScreen.storyboard */,
				4FB28C16212EE21C00C6F9A5 /* Info.plist */,
			);
			path = "Project-16-JavaScript-Injection";
			sourceTree = "<group>";
		};
		4FB28C21212EFF4A00C6F9A5 /* Extension */ = {
			isa = PBXGroup;
			children = (
				4FB28C22212EFF4A00C6F9A5 /* ActionViewController.swift */,
				4FB28C24212EFF4A00C6F9A5 /* MainInterface.storyboard */,
				4FB28C27212EFF4A00C6F9A5 /* Info.plist */,
				4FB28C2F212F05F800C6F9A5 /* Action.js */,
			);
			path = Extension;
			sourceTree = "<group>";
		};
/* End PBXGroup section */

/* Begin PBXNativeTarget section */
		4FB28C06212EE21A00C6F9A5 /* Project-16-JavaScript-Injection */ = {
			isa = PBXNativeTarget;
			buildConfigurationList = 4FB28C19212EE21C00C6F9A5 /* Build configuration list for PBXNativeTarget "Project-16-JavaScript-Injection" */;
			buildPhases = (
				4FB28C03212EE21A00C6F9A5 /* Sources */,
				4FB28C04212EE21A00C6F9A5 /* Frameworks */,
				4FB28C05212EE21A00C6F9A5 /* Resources */,
				4FB28C2E212EFF4A00C6F9A5 /* Embed App Extensions */,
			);
			buildRules = (
			);
			dependencies = (
				4FB28C29212EFF4A00C6F9A5 /* PBXTargetDependency */,
			);
			name = "Project-16-JavaScript-Injection";
			productName = "Project-16-JavaScript-Injection";
			productReference = 4FB28C07212EE21A00C6F9A5 /* Project-16-JavaScript-Injection.app */;
			productType = "com.apple.product-type.application";
		};
		4FB28C1F212EFF4A00C6F9A5 /* Extension */ = {
			isa = PBXNativeTarget;
			buildConfigurationList = 4FB28C2B212EFF4A00C6F9A5 /* Build configuration list for PBXNativeTarget "Extension" */;
			buildPhases = (
				4FB28C1C212EFF4A00C6F9A5 /* Sources */,
				4FB28C1D212EFF4A00C6F9A5 /* Frameworks */,
				4FB28C1E212EFF4A00C6F9A5 /* Resources */,
			);
			buildRules = (
			);
			dependencies = (
			);
			name = Extension;
			productName = Extension;
			productReference = 4FB28C20212EFF4A00C6F9A5 /* Extension.appex */;
			productType = "com.apple.product-type.app-extension";
		};
/* End PBXNativeTarget section */

/* Begin PBXProject section */
		4FB28BFF212EE21A00C6F9A5 /* Project object */ = {
			isa = PBXProject;
			attributes = {
				LastSwiftUpdateCheck = 1000;
				LastUpgradeCheck = 1000;
				ORGANIZATIONNAME = "A&D Progress";
				TargetAttributes = {
					4FB28C06212EE21A00C6F9A5 = {
						CreatedOnToolsVersion = 10.0;
					};
					4FB28C1F212EFF4A00C6F9A5 = {
						CreatedOnToolsVersion = 10.0;
					};
				};
			};
			buildConfigurationList = 4FB28C02212EE21A00C6F9A5 /* Build configuration list for PBXProject "Project-16-JavaScript-Injection" */;
			compatibilityVersion = "Xcode 9.3";
			developmentRegion = en;
			hasScannedForEncodings = 0;
			knownRegions = (
				en,
				Base,
			);
			mainGroup = 4FB28BFE212EE21A00C6F9A5;
			productRefGroup = 4FB28C08212EE21A00C6F9A5 /* Products */;
			projectDirPath = "";
			projectRoot = "";
			targets = (
				4FB28C06212EE21A00C6F9A5 /* Project-16-JavaScript-Injection */,
				4FB28C1F212EFF4A00C6F9A5 /* Extension */,
			);
		};
/* End PBXProject section */

/* Begin PBXResourcesBuildPhase section */
		4FB28C05212EE21A00C6F9A5 /* Resources */ = {
			isa = PBXResourcesBuildPhase;
			buildActionMask = 2147483647;
			files = (
				4FB28C15212EE21C00C6F9A5 /* LaunchScreen.storyboard in Resources */,
				4FB28C12212EE21C00C6F9A5 /* Assets.xcassets in Resources */,
				4FB28C10212EE21A00C6F9A5 /* Main.storyboard in Resources */,
			);
			runOnlyForDeploymentPostprocessing = 0;
		};
		4FB28C1E212EFF4A00C6F9A5 /* Resources */ = {
			isa = PBXResourcesBuildPhase;
			buildActionMask = 2147483647;
			files = (
				4FB28C30212F05F800C6F9A5 /* Action.js in Resources */,
				4FB28C26212EFF4A00C6F9A5 /* MainInterface.storyboard in Resources */,
			);
			runOnlyForDeploymentPostprocessing = 0;
		};
/* End PBXResourcesBuildPhase section */

/* Begin PBXSourcesBuildPhase section */
		4FB28C03212EE21A00C6F9A5 /* Sources */ = {
			isa = PBXSourcesBuildPhase;
			buildActionMask = 2147483647;
			files = (
				4FB28C0D212EE21A00C6F9A5 /* ViewController.swift in Sources */,
				4FB28C0B212EE21A00C6F9A5 /* AppDelegate.swift in Sources */,
			);
			runOnlyForDeploymentPostprocessing = 0;
		};
		4FB28C1C212EFF4A00C6F9A5 /* Sources */ = {
			isa = PBXSourcesBuildPhase;
			buildActionMask = 2147483647;
			files = (
				4FB28C23212EFF4A00C6F9A5 /* ActionViewController.swift in Sources */,
			);
			runOnlyForDeploymentPostprocessing = 0;
		};
/* End PBXSourcesBuildPhase section */

/* Begin PBXTargetDependency section */
		4FB28C29212EFF4A00C6F9A5 /* PBXTargetDependency */ = {
			isa = PBXTargetDependency;
			target = 4FB28C1F212EFF4A00C6F9A5 /* Extension */;
			targetProxy = 4FB28C28212EFF4A00C6F9A5 /* PBXContainerItemProxy */;
		};
/* End PBXTargetDependency section */

/* Begin PBXVariantGroup section */
		4FB28C0E212EE21A00C6F9A5 /* Main.storyboard */ = {
			isa = PBXVariantGroup;
			children = (
				4FB28C0F212EE21A00C6F9A5 /* Base */,
			);
			name = Main.storyboard;
			sourceTree = "<group>";
		};
		4FB28C13212EE21C00C6F9A5 /* LaunchScreen.storyboard */ = {
			isa = PBXVariantGroup;
			children = (
				4FB28C14212EE21C00C6F9A5 /* Base */,
			);
			name = LaunchScreen.storyboard;
			sourceTree = "<group>";
		};
		4FB28C24212EFF4A00C6F9A5 /* MainInterface.storyboard */ = {
			isa = PBXVariantGroup;
			children = (
				4FB28C25212EFF4A00C6F9A5 /* Base */,
			);
			name = MainInterface.storyboard;
			sourceTree = "<group>";
		};
/* End PBXVariantGroup section */

/* Begin XCBuildConfiguration section */
		4FB28C17212EE21C00C6F9A5 /* Debug */ = {
			isa = XCBuildConfiguration;
			buildSettings = {
				ALWAYS_SEARCH_USER_PATHS = NO;
				CLANG_ANALYZER_NONNULL = YES;
				CLANG_ANALYZER_NUMBER_OBJECT_CONVERSION = YES_AGGRESSIVE;
				CLANG_CXX_LANGUAGE_STANDARD = "gnu++14";
				CLANG_CXX_LIBRARY = "libc++";
				CLANG_ENABLE_MODULES = YES;
				CLANG_ENABLE_OBJC_ARC = YES;
				CLANG_ENABLE_OBJC_WEAK = YES;
				CLANG_WARN_BLOCK_CAPTURE_AUTORELEASING = YES;
				CLANG_WARN_BOOL_CONVERSION = YES;
				CLANG_WARN_COMMA = YES;
				CLANG_WARN_CONSTANT_CONVERSION = YES;
				CLANG_WARN_DEPRECATED_OBJC_IMPLEMENTATIONS = YES;
				CLANG_WARN_DIRECT_OBJC_ISA_USAGE = YES_ERROR;
				CLANG_WARN_DOCUMENTATION_COMMENTS = YES;
				CLANG_WARN_EMPTY_BODY = YES;
				CLANG_WARN_ENUM_CONVERSION = YES;
				CLANG_WARN_INFINITE_RECURSION = YES;
				CLANG_WARN_INT_CONVERSION = YES;
				CLANG_WARN_NON_LITERAL_NULL_CONVERSION = YES;
				CLANG_WARN_OBJC_IMPLICIT_RETAIN_SELF = YES;
				CLANG_WARN_OBJC_LITERAL_CONVERSION = YES;
				CLANG_WARN_OBJC_ROOT_CLASS = YES_ERROR;
				CLANG_WARN_RANGE_LOOP_ANALYSIS = YES;
				CLANG_WARN_STRICT_PROTOTYPES = YES;
				CLANG_WARN_SUSPICIOUS_MOVE = YES;
				CLANG_WARN_UNGUARDED_AVAILABILITY = YES_AGGRESSIVE;
				CLANG_WARN_UNREACHABLE_CODE = YES;
				CLANG_WARN__DUPLICATE_METHOD_MATCH = YES;
				CODE_SIGN_IDENTITY = "iPhone Developer";
				COPY_PHASE_STRIP = NO;
				DEBUG_INFORMATION_FORMAT = dwarf;
				ENABLE_STRICT_OBJC_MSGSEND = YES;
				ENABLE_TESTABILITY = YES;
				GCC_C_LANGUAGE_STANDARD = gnu11;
				GCC_DYNAMIC_NO_PIC = NO;
				GCC_NO_COMMON_BLOCKS = YES;
				GCC_OPTIMIZATION_LEVEL = 0;
				GCC_PREPROCESSOR_DEFINITIONS = (
					"DEBUG=1",
					"$(inherited)",
				);
				GCC_WARN_64_TO_32_BIT_CONVERSION = YES;
				GCC_WARN_ABOUT_RETURN_TYPE = YES_ERROR;
				GCC_WARN_UNDECLARED_SELECTOR = YES;
				GCC_WARN_UNINITIALIZED_AUTOS = YES_AGGRESSIVE;
				GCC_WARN_UNUSED_FUNCTION = YES;
				GCC_WARN_UNUSED_VARIABLE = YES;
				IPHONEOS_DEPLOYMENT_TARGET = 12.0;
				MTL_ENABLE_DEBUG_INFO = INCLUDE_SOURCE;
				MTL_FAST_MATH = YES;
				ONLY_ACTIVE_ARCH = YES;
				SDKROOT = iphoneos;
				SWIFT_ACTIVE_COMPILATION_CONDITIONS = DEBUG;
				SWIFT_OPTIMIZATION_LEVEL = "-Onone";
			};
			name = Debug;
		};
		4FB28C18212EE21C00C6F9A5 /* Release */ = {
			isa = XCBuildConfiguration;
			buildSettings = {
				ALWAYS_SEARCH_USER_PATHS = NO;
				CLANG_ANALYZER_NONNULL = YES;
				CLANG_ANALYZER_NUMBER_OBJECT_CONVERSION = YES_AGGRESSIVE;
				CLANG_CXX_LANGUAGE_STANDARD = "gnu++14";
				CLANG_CXX_LIBRARY = "libc++";
				CLANG_ENABLE_MODULES = YES;
				CLANG_ENABLE_OBJC_ARC = YES;
				CLANG_ENABLE_OBJC_WEAK = YES;
				CLANG_WARN_BLOCK_CAPTURE_AUTORELEASING = YES;
				CLANG_WARN_BOOL_CONVERSION = YES;
				CLANG_WARN_COMMA = YES;
				CLANG_WARN_CONSTANT_CONVERSION = YES;
				CLANG_WARN_DEPRECATED_OBJC_IMPLEMENTATIONS = YES;
				CLANG_WARN_DIRECT_OBJC_ISA_USAGE = YES_ERROR;
				CLANG_WARN_DOCUMENTATION_COMMENTS = YES;
				CLANG_WARN_EMPTY_BODY = YES;
				CLANG_WARN_ENUM_CONVERSION = YES;
				CLANG_WARN_INFINITE_RECURSION = YES;
				CLANG_WARN_INT_CONVERSION = YES;
				CLANG_WARN_NON_LITERAL_NULL_CONVERSION = YES;
				CLANG_WARN_OBJC_IMPLICIT_RETAIN_SELF = YES;
				CLANG_WARN_OBJC_LITERAL_CONVERSION = YES;
				CLANG_WARN_OBJC_ROOT_CLASS = YES_ERROR;
				CLANG_WARN_RANGE_LOOP_ANALYSIS = YES;
				CLANG_WARN_STRICT_PROTOTYPES = YES;
				CLANG_WARN_SUSPICIOUS_MOVE = YES;
				CLANG_WARN_UNGUARDED_AVAILABILITY = YES_AGGRESSIVE;
				CLANG_WARN_UNREACHABLE_CODE = YES;
				CLANG_WARN__DUPLICATE_METHOD_MATCH = YES;
				CODE_SIGN_IDENTITY = "iPhone Developer";
				COPY_PHASE_STRIP = NO;
				DEBUG_INFORMATION_FORMAT = "dwarf-with-dsym";
				ENABLE_NS_ASSERTIONS = NO;
				ENABLE_STRICT_OBJC_MSGSEND = YES;
				GCC_C_LANGUAGE_STANDARD = gnu11;
				GCC_NO_COMMON_BLOCKS = YES;
				GCC_WARN_64_TO_32_BIT_CONVERSION = YES;
				GCC_WARN_ABOUT_RETURN_TYPE = YES_ERROR;
				GCC_WARN_UNDECLARED_SELECTOR = YES;
				GCC_WARN_UNINITIALIZED_AUTOS = YES_AGGRESSIVE;
				GCC_WARN_UNUSED_FUNCTION = YES;
				GCC_WARN_UNUSED_VARIABLE = YES;
				IPHONEOS_DEPLOYMENT_TARGET = 12.0;
				MTL_ENABLE_DEBUG_INFO = NO;
				MTL_FAST_MATH = YES;
				SDKROOT = iphoneos;
				SWIFT_COMPILATION_MODE = wholemodule;
				SWIFT_OPTIMIZATION_LEVEL = "-O";
				VALIDATE_PRODUCT = YES;
			};
			name = Release;
		};
		4FB28C1A212EE21C00C6F9A5 /* Debug */ = {
			isa = XCBuildConfiguration;
			buildSettings = {
				ALWAYS_EMBED_SWIFT_STANDARD_LIBRARIES = YES;
				ASSETCATALOG_COMPILER_APPICON_NAME = AppIcon;
				CODE_SIGN_STYLE = Automatic;
				DEVELOPMENT_TEAM = 6GDWE93PAP;
				INFOPLIST_FILE = "Project-16-JavaScript-Injection/Info.plist";
				IPHONEOS_DEPLOYMENT_TARGET = 11.0;
				LD_RUNPATH_SEARCH_PATHS = (
					"$(inherited)",
					"@executable_path/Frameworks",
				);
				PRODUCT_BUNDLE_IDENTIFIER = "com.adprogress.Project-16-JavaScript-Injection";
				PRODUCT_NAME = "$(TARGET_NAME)";
				SWIFT_VERSION = 4.2;
				TARGETED_DEVICE_FAMILY = 1;
			};
			name = Debug;
		};
		4FB28C1B212EE21C00C6F9A5 /* Release */ = {
			isa = XCBuildConfiguration;
			buildSettings = {
				ALWAYS_EMBED_SWIFT_STANDARD_LIBRARIES = YES;
				ASSETCATALOG_COMPILER_APPICON_NAME = AppIcon;
				CODE_SIGN_STYLE = Automatic;
				DEVELOPMENT_TEAM = 6GDWE93PAP;
				INFOPLIST_FILE = "Project-16-JavaScript-Injection/Info.plist";
				IPHONEOS_DEPLOYMENT_TARGET = 11.0;
				LD_RUNPATH_SEARCH_PATHS = (
					"$(inherited)",
					"@executable_path/Frameworks",
				);
				PRODUCT_BUNDLE_IDENTIFIER = "com.adprogress.Project-16-JavaScript-Injection";
				PRODUCT_NAME = "$(TARGET_NAME)";
				SWIFT_VERSION = 4.2;
				TARGETED_DEVICE_FAMILY = 1;
			};
			name = Release;
		};
		4FB28C2C212EFF4A00C6F9A5 /* Debug */ = {
			isa = XCBuildConfiguration;
			buildSettings = {
				CODE_SIGN_STYLE = Automatic;
				DEVELOPMENT_TEAM = 6GDWE93PAP;
				INFOPLIST_FILE = Extension/Info.plist;
				IPHONEOS_DEPLOYMENT_TARGET = 11;
				LD_RUNPATH_SEARCH_PATHS = (
					"$(inherited)",
					"@executable_path/Frameworks",
					"@executable_path/../../Frameworks",
				);
				PRODUCT_BUNDLE_IDENTIFIER = "com.adprogress.Project-16-JavaScript-Injection.Extension";
				PRODUCT_NAME = "$(TARGET_NAME)";
				SKIP_INSTALL = YES;
				SWIFT_VERSION = 4.2;
				TARGETED_DEVICE_FAMILY = "1,2";
			};
			name = Debug;
		};
		4FB28C2D212EFF4A00C6F9A5 /* Release */ = {
			isa = XCBuildConfiguration;
			buildSettings = {
				CODE_SIGN_STYLE = Automatic;
				DEVELOPMENT_TEAM = 6GDWE93PAP;
				INFOPLIST_FILE = Extension/Info.plist;
				IPHONEOS_DEPLOYMENT_TARGET = 11;
				LD_RUNPATH_SEARCH_PATHS = (
					"$(inherited)",
					"@executable_path/Frameworks",
					"@executable_path/../../Frameworks",
				);
				PRODUCT_BUNDLE_IDENTIFIER = "com.adprogress.Project-16-JavaScript-Injection.Extension";
				PRODUCT_NAME = "$(TARGET_NAME)";
				SKIP_INSTALL = YES;
				SWIFT_VERSION = 4.2;
				TARGETED_DEVICE_FAMILY = "1,2";
			};
			name = Release;
		};
/* End XCBuildConfiguration section */

/* Begin XCConfigurationList section */
		4FB28C02212EE21A00C6F9A5 /* Build configuration list for PBXProject "Project-16-JavaScript-Injection" */ = {
			isa = XCConfigurationList;
			buildConfigurations = (
				4FB28C17212EE21C00C6F9A5 /* Debug */,
				4FB28C18212EE21C00C6F9A5 /* Release */,
			);
			defaultConfigurationIsVisible = 0;
			defaultConfigurationName = Release;
		};
		4FB28C19212EE21C00C6F9A5 /* Build configuration list for PBXNativeTarget "Project-16-JavaScript-Injection" */ = {
			isa = XCConfigurationList;
			buildConfigurations = (
				4FB28C1A212EE21C00C6F9A5 /* Debug */,
				4FB28C1B212EE21C00C6F9A5 /* Release */,
			);
			defaultConfigurationIsVisible = 0;
			defaultConfigurationName = Release;
		};
		4FB28C2B212EFF4A00C6F9A5 /* Build configuration list for PBXNativeTarget "Extension" */ = {
			isa = XCConfigurationList;
			buildConfigurations = (
				4FB28C2C212EFF4A00C6F9A5 /* Debug */,
				4FB28C2D212EFF4A00C6F9A5 /* Release */,
			);
			defaultConfigurationIsVisible = 0;
			defaultConfigurationName = Release;
		};
/* End XCConfigurationList section */
	};
	rootObject = 4FB28BFF212EE21A00C6F9A5 /* Project object */;
}
